
Microsoft Visual Studio Solution File, Format Version 12.00
# Visual Studio Version 16
VisualStudioVersion = 16.0.29609.76
MinimumVisualStudioVersion = 10.0.40219.1
Project("{FAE04EC0-301F-11D3-BF4B-00C04F79EFBC}") = "2_ora", "2_ora\2_ora.csproj", "{B9E9CED8-068A-49E7-95B1-44158AD1CF26}"
EndProject
Project("{FAE04EC0-301F-11D3-BF4B-00C04F79EFBC}") = "4_ora", "4_ora\4_ora.csproj", "{A9BFDDCC-5A08-4EA9-8283-BFD5FE52D9FF}"
EndProject
Project("{FAE04EC0-301F-11D3-BF4B-00C04F79EFBC}") = "4_ora_Orarend", "4_ora_Orarend\4_ora_Orarend.csproj", "{9700EC8B-749F-4C15-B2B2-6E3F3C4877EE}"
EndProject
Project("{FAE04EC0-301F-11D3-BF4B-00C04F79EFBC}") = "09.22. tombok", "09.22. tombok\09.22. tombok.csproj", "{CE165432-6850-4766-B0C2-E96B758FAEDA}"
EndProject
Project("{FAE04EC0-301F-11D3-BF4B-00C04F79EFBC}") = "09.23. 01 Dynamic Arrays", "09.23. dinamikus tomb\09.23. 01 Dynamic Arrays.csproj", "{E72FD8E2-B96D-451F-8599-16C68A1E0638}"
EndProject
Project("{FAE04EC0-301F-11D3-BF4B-00C04F79EFBC}") = "09.23. 02 Plane Shapes", "09.23. 02 sikidomok\09.23. 02 Plane Shapes.csproj", "{2C03F10A-7E85-4135-861D-C58C8F99E7FC}"
EndProject
Project("{FAE04EC0-301F-11D3-BF4B-00C04F79EFBC}") = "09.30. 01 coin counterfeiting", "09.30. 01 coin counterfeiting\09.30. 01 coin counterfeiting.csproj", "{C50F09C2-CDEB-4C0A-883F-F63770D42E9D}"
EndProject
Project("{FAE04EC0-301F-11D3-BF4B-00C04F79EFBC}") = "09.23. Matrix", "09.23. Matrix\09.23. Matrix.csproj", "{00C30895-DFE3-47A5-9DDF-1E22959804D2}"
EndProject
Project("{FAE04EC0-301F-11D3-BF4B-00C04F79EFBC}") = "10.06. Imput Data", "10.06. Imput Data\10.06. Imput Data.csproj", "{758BB642-4A29-4869-A485-FB2B9D137F84}"
EndProject
Project("{FAE04EC0-301F-11D3-BF4B-00C04F79EFBC}") = "10.06. Input Data, Classes", "10.06. Input Data, Classes\10.06. Input Data, Classes.csproj", "{D8FC8DDC-37D8-4F4D-9670-35D99A00EC33}"
EndProject
Project("{FAE04EC0-301F-11D3-BF4B-00C04F79EFBC}") = "10.07. Random Array with Input", "10.07. Random Array with Input\10.07. Random Array with Input.csproj", "{3E306BC4-8017-4DB3-9D80-581D1344D160}"
EndProject
Project("{FAE04EC0-301F-11D3-BF4B-00C04F79EFBC}") = "10.09. String methods", "10.09. String methods\10.09. String methods.csproj", "{FBFC47EB-E35E-418B-A288-8D0022A4BBF8}"
EndProject
Project("{FAE04EC0-301F-11D3-BF4B-00C04F79EFBC}") = "10.12. File System, folders, files", "10.12. File System, folders, files\10.12. File System, folders, files.csproj", "{B201B18E-2C53-4A6D-9E70-8330B94A1C46}"
EndProject
Project("{FAE04EC0-301F-11D3-BF4B-00C04F79EFBC}") = "10.12. Select and Copy files", "10.12. Select and Copy files\10.12. Select and Copy files.csproj", "{B6DB9967-1AAE-4600-A1CC-101D22C55853}"
EndProject
Project("{FAE04EC0-301F-11D3-BF4B-00C04F79EFBC}") = "10.19. Feladat_01", "10.19. Feladat_01\10.19. Feladat_01.csproj", "{5C953E4F-B264-4CBE-A35E-C3ED3DF936C5}"
EndProject
Project("{FAE04EC0-301F-11D3-BF4B-00C04F79EFBC}") = "10.19. Feladat_02", "10.19. Feladat_02\10.19. Feladat_02.csproj", "{CC22A88B-2A84-46E6-87C9-B4742E72CAA8}"
EndProject
Project("{FAE04EC0-301F-11D3-BF4B-00C04F79EFBC}") = "10.19. Feladat_03", "10.19. Feladat_03\10.19. Feladat_03.csproj", "{F48ED015-6E16-4440-A33D-7F40ACDC7D87}"
EndProject
Project("{FAE04EC0-301F-11D3-BF4B-00C04F79EFBC}") = "10.19. Feladat_04", "10.19. Feladat_04\10.19. Feladat_04.csproj", "{A10BE3B3-8895-4D19-B5E3-D866A85349BD}"
EndProject
Global
	GlobalSection(SolutionConfigurationPlatforms) = preSolution
		Debug|Any CPU = Debug|Any CPU
		Release|Any CPU = Release|Any CPU
	EndGlobalSection
	GlobalSection(ProjectConfigurationPlatforms) = postSolution
		{B9E9CED8-068A-49E7-95B1-44158AD1CF26}.Debug|Any CPU.ActiveCfg = Debug|Any CPU
		{B9E9CED8-068A-49E7-95B1-44158AD1CF26}.Debug|Any CPU.Build.0 = Debug|Any CPU
		{B9E9CED8-068A-49E7-95B1-44158AD1CF26}.Release|Any CPU.ActiveCfg = Release|Any CPU
		{B9E9CED8-068A-49E7-95B1-44158AD1CF26}.Release|Any CPU.Build.0 = Release|Any CPU
		{A9BFDDCC-5A08-4EA9-8283-BFD5FE52D9FF}.Debug|Any CPU.ActiveCfg = Debug|Any CPU
		{A9BFDDCC-5A08-4EA9-8283-BFD5FE52D9FF}.Debug|Any CPU.Build.0 = Debug|Any CPU
		{A9BFDDCC-5A08-4EA9-8283-BFD5FE52D9FF}.Release|Any CPU.ActiveCfg = Release|Any CPU
		{A9BFDDCC-5A08-4EA9-8283-BFD5FE52D9FF}.Release|Any CPU.Build.0 = Release|Any CPU
		{9700EC8B-749F-4C15-B2B2-6E3F3C4877EE}.Debug|Any CPU.ActiveCfg = Debug|Any CPU
		{9700EC8B-749F-4C15-B2B2-6E3F3C4877EE}.Debug|Any CPU.Build.0 = Debug|Any CPU
		{9700EC8B-749F-4C15-B2B2-6E3F3C4877EE}.Release|Any CPU.ActiveCfg = Release|Any CPU
		{9700EC8B-749F-4C15-B2B2-6E3F3C4877EE}.Release|Any CPU.Build.0 = Release|Any CPU
		{CE165432-6850-4766-B0C2-E96B758FAEDA}.Debug|Any CPU.ActiveCfg = Debug|Any CPU
		{CE165432-6850-4766-B0C2-E96B758FAEDA}.Debug|Any CPU.Build.0 = Debug|Any CPU
		{CE165432-6850-4766-B0C2-E96B758FAEDA}.Release|Any CPU.ActiveCfg = Release|Any CPU
		{CE165432-6850-4766-B0C2-E96B758FAEDA}.Release|Any CPU.Build.0 = Release|Any CPU
		{E72FD8E2-B96D-451F-8599-16C68A1E0638}.Debug|Any CPU.ActiveCfg = Debug|Any CPU
		{E72FD8E2-B96D-451F-8599-16C68A1E0638}.Debug|Any CPU.Build.0 = Debug|Any CPU
		{E72FD8E2-B96D-451F-8599-16C68A1E0638}.Release|Any CPU.ActiveCfg = Release|Any CPU
		{E72FD8E2-B96D-451F-8599-16C68A1E0638}.Release|Any CPU.Build.0 = Release|Any CPU
		{2C03F10A-7E85-4135-861D-C58C8F99E7FC}.Debug|Any CPU.ActiveCfg = Debug|Any CPU
		{2C03F10A-7E85-4135-861D-C58C8F99E7FC}.Debug|Any CPU.Build.0 = Debug|Any CPU
		{2C03F10A-7E85-4135-861D-C58C8F99E7FC}.Release|Any CPU.ActiveCfg = Release|Any CPU
		{2C03F10A-7E85-4135-861D-C58C8F99E7FC}.Release|Any CPU.Build.0 = Release|Any CPU
		{C50F09C2-CDEB-4C0A-883F-F63770D42E9D}.Debug|Any CPU.ActiveCfg = Debug|Any CPU
		{C50F09C2-CDEB-4C0A-883F-F63770D42E9D}.Debug|Any CPU.Build.0 = Debug|Any CPU
		{C50F09C2-CDEB-4C0A-883F-F63770D42E9D}.Release|Any CPU.ActiveCfg = Release|Any CPU
		{C50F09C2-CDEB-4C0A-883F-F63770D42E9D}.Release|Any CPU.Build.0 = Release|Any CPU
		{00C30895-DFE3-47A5-9DDF-1E22959804D2}.Debug|Any CPU.ActiveCfg = Debug|Any CPU
		{00C30895-DFE3-47A5-9DDF-1E22959804D2}.Debug|Any CPU.Build.0 = Debug|Any CPU
		{00C30895-DFE3-47A5-9DDF-1E22959804D2}.Release|Any CPU.ActiveCfg = Release|Any CPU
		{00C30895-DFE3-47A5-9DDF-1E22959804D2}.Release|Any CPU.Build.0 = Release|Any CPU
		{758BB642-4A29-4869-A485-FB2B9D137F84}.Debug|Any CPU.ActiveCfg = Debug|Any CPU
		{758BB642-4A29-4869-A485-FB2B9D137F84}.Debug|Any CPU.Build.0 = Debug|Any CPU
		{758BB642-4A29-4869-A485-FB2B9D137F84}.Release|Any CPU.ActiveCfg = Release|Any CPU
		{758BB642-4A29-4869-A485-FB2B9D137F84}.Release|Any CPU.Build.0 = Release|Any CPU
		{D8FC8DDC-37D8-4F4D-9670-35D99A00EC33}.Debug|Any CPU.ActiveCfg = Debug|Any CPU
		{D8FC8DDC-37D8-4F4D-9670-35D99A00EC33}.Debug|Any CPU.Build.0 = Debug|Any CPU
		{D8FC8DDC-37D8-4F4D-9670-35D99A00EC33}.Release|Any CPU.ActiveCfg = Release|Any CPU
		{D8FC8DDC-37D8-4F4D-9670-35D99A00EC33}.Release|Any CPU.Build.0 = Release|Any CPU
		{3E306BC4-8017-4DB3-9D80-581D1344D160}.Debug|Any CPU.ActiveCfg = Debug|Any CPU
		{3E306BC4-8017-4DB3-9D80-581D1344D160}.Debug|Any CPU.Build.0 = Debug|Any CPU
		{3E306BC4-8017-4DB3-9D80-581D1344D160}.Release|Any CPU.ActiveCfg = Release|Any CPU
		{3E306BC4-8017-4DB3-9D80-581D1344D160}.Release|Any CPU.Build.0 = Release|Any CPU
		{FBFC47EB-E35E-418B-A288-8D0022A4BBF8}.Debug|Any CPU.ActiveCfg = Debug|Any CPU
		{FBFC47EB-E35E-418B-A288-8D0022A4BBF8}.Debug|Any CPU.Build.0 = Debug|Any CPU
		{FBFC47EB-E35E-418B-A288-8D0022A4BBF8}.Release|Any CPU.ActiveCfg = Release|Any CPU
		{FBFC47EB-E35E-418B-A288-8D0022A4BBF8}.Release|Any CPU.Build.0 = Release|Any CPU
		{B201B18E-2C53-4A6D-9E70-8330B94A1C46}.Debug|Any CPU.ActiveCfg = Debug|Any CPU
		{B201B18E-2C53-4A6D-9E70-8330B94A1C46}.Debug|Any CPU.Build.0 = Debug|Any CPU
		{B201B18E-2C53-4A6D-9E70-8330B94A1C46}.Release|Any CPU.ActiveCfg = Release|Any CPU
		{B201B18E-2C53-4A6D-9E70-8330B94A1C46}.Release|Any CPU.Build.0 = Release|Any CPU
		{B6DB9967-1AAE-4600-A1CC-101D22C55853}.Debug|Any CPU.ActiveCfg = Debug|Any CPU
		{B6DB9967-1AAE-4600-A1CC-101D22C55853}.Debug|Any CPU.Build.0 = Debug|Any CPU
		{B6DB9967-1AAE-4600-A1CC-101D22C55853}.Release|Any CPU.ActiveCfg = Release|Any CPU
		{B6DB9967-1AAE-4600-A1CC-101D22C55853}.Release|Any CPU.Build.0 = Release|Any CPU
		{5C953E4F-B264-4CBE-A35E-C3ED3DF936C5}.Debug|Any CPU.ActiveCfg = Debug|Any CPU
		{5C953E4F-B264-4CBE-A35E-C3ED3DF936C5}.Debug|Any CPU.Build.0 = Debug|Any CPU
		{5C953E4F-B264-4CBE-A35E-C3ED3DF936C5}.Release|Any CPU.ActiveCfg = Release|Any CPU
		{5C953E4F-B264-4CBE-A35E-C3ED3DF936C5}.Release|Any CPU.Build.0 = Release|Any CPU
		{CC22A88B-2A84-46E6-87C9-B4742E72CAA8}.Debug|Any CPU.ActiveCfg = Debug|Any CPU
		{CC22A88B-2A84-46E6-87C9-B4742E72CAA8}.Debug|Any CPU.Build.0 = Debug|Any CPU
		{CC22A88B-2A84-46E6-87C9-B4742E72CAA8}.Release|Any CPU.ActiveCfg = Release|Any CPU
		{CC22A88B-2A84-46E6-87C9-B4742E72CAA8}.Release|Any CPU.Build.0 = Release|Any CPU
		{F48ED015-6E16-4440-A33D-7F40ACDC7D87}.Debug|Any CPU.ActiveCfg = Debug|Any CPU
		{F48ED015-6E16-4440-A33D-7F40ACDC7D87}.Debug|Any CPU.Build.0 = Debug|Any CPU
		{F48ED015-6E16-4440-A33D-7F40ACDC7D87}.Release|Any CPU.ActiveCfg = Release|Any CPU
		{F48ED015-6E16-4440-A33D-7F40ACDC7D87}.Release|Any CPU.Build.0 = Release|Any CPU
		{A10BE3B3-8895-4D19-B5E3-D866A85349BD}.Debug|Any CPU.ActiveCfg = Debug|Any CPU
		{A10BE3B3-8895-4D19-B5E3-D866A85349BD}.Debug|Any CPU.Build.0 = Debug|Any CPU
		{A10BE3B3-8895-4D19-B5E3-D866A85349BD}.Release|Any CPU.ActiveCfg = Release|Any CPU
		{A10BE3B3-8895-4D19-B5E3-D866A85349BD}.Release|Any CPU.Build.0 = Release|Any CPU
	EndGlobalSection
	GlobalSection(SolutionProperties) = preSolution
		HideSolutionNode = FALSE
	EndGlobalSection
	GlobalSection(ExtensibilityGlobals) = postSolution
		SolutionGuid = {822F3365-C8EE-4717-B9D5-E83E829C381B}
	EndGlobalSection
EndGlobal
